
Microsoft Visual Studio Solution File, Format Version 12.00
# Visual Studio Version 17
VisualStudioVersion = 17.3.32901.215
MinimumVisualStudioVersion = 10.0.40219.1
Project("{FAE04EC0-301F-11D3-BF4B-00C04F79EFBC}") = "csharp-cibi-preferiti", "csharp-cibi-preferiti.csproj", "{EF27389D-B171-4095-87DB-FFB737E7CE5F}"
EndProject
Global
	GlobalSection(SolutionConfigurationPlatforms) = preSolution
		Debug|Any CPU = Debug|Any CPU
		Release|Any CPU = Release|Any CPU
	EndGlobalSection
	GlobalSection(ProjectConfigurationPlatforms) = postSolution
		{EF27389D-B171-4095-87DB-FFB737E7CE5F}.Debug|Any CPU.ActiveCfg = Debug|Any CPU
		{EF27389D-B171-4095-87DB-FFB737E7CE5F}.Debug|Any CPU.Build.0 = Debug|Any CPU
		{EF27389D-B171-4095-87DB-FFB737E7CE5F}.Release|Any CPU.ActiveCfg = Release|Any CPU
		{EF27389D-B171-4095-87DB-FFB737E7CE5F}.Release|Any CPU.Build.0 = Release|Any CPU
	EndGlobalSection
	GlobalSection(SolutionProperties) = preSolution
		HideSolutionNode = FALSE
	EndGlobalSection
	GlobalSection(ExtensibilityGlobals) = postSolution
		SolutionGuid = {B7ECAC19-E530-4B51-8ED7-DFFF9183BB36}
	EndGlobalSection
EndGlobal
